github.com/h-dav/envconfig v1.1.2 h1:/QGo3GBfvPh1qiVWCvnAH8dGcrLBzNiYQuUyJpziWNc=
github.com/h-dav/envconfig v1.1.2/go.mod h1:HOaMvKWZZJT+1OTxPJ/7S6KCsmCZU6uGpvRFWlAauW4=
github.com/lib/pq v1.10.9 h1:YXG7RB+JIjhP29X+OtkiDnYaXQwpS4JEWq7dtCCRUEw=
github.com/lib/pq v1.10.9/go.mod h1:AlVN5x4E4T544tWzH6hKfbfQvm3HdbOxrmggDNAPY9o=
